
Microsoft Visual Studio Solution File, Format Version 12.00
# Visual Studio Version 16
VisualStudioVersion = 16.0.30413.136
MinimumVisualStudioVersion = 10.0.40219.1
Project("{9A19103F-16F7-4668-BE54-9A1E7A4F7556}") = "Week2IfStatements", "Week2IfStatements\Week2IfStatements.csproj", "{548E9B4E-D431-4DB2-A2B1-80747DAA0D59}"
EndProject
Project("{9A19103F-16F7-4668-BE54-9A1E7A4F7556}") = "Task2", "Task2\Task2.csproj", "{B2EE746B-D157-4E8E-B88B-87AFCCF35AA8}"
EndProject
Project("{9A19103F-16F7-4668-BE54-9A1E7A4F7556}") = "Task3", "Task3\Task3.csproj", "{1C2C2645-DE67-4B6F-A383-444ECBD600E6}"
EndProject
Project("{FAE04EC0-301F-11D3-BF4B-00C04F79EFBC}") = "Task4", "Task4\Task4.csproj", "{95FC06E3-41E3-45D3-97A8-5C440FF3F53C}"
EndProject
Project("{FAE04EC0-301F-11D3-BF4B-00C04F79EFBC}") = "Task5", "Task5\Task5.csproj", "{74D30AD0-5489-4A98-9ABF-9476D1064EE2}"
EndProject
Global
	GlobalSection(SolutionConfigurationPlatforms) = preSolution
		Debug|Any CPU = Debug|Any CPU
		Release|Any CPU = Release|Any CPU
	EndGlobalSection
	GlobalSection(ProjectConfigurationPlatforms) = postSolution
		{548E9B4E-D431-4DB2-A2B1-80747DAA0D59}.Debug|Any CPU.ActiveCfg = Debug|Any CPU
		{548E9B4E-D431-4DB2-A2B1-80747DAA0D59}.Debug|Any CPU.Build.0 = Debug|Any CPU
		{548E9B4E-D431-4DB2-A2B1-80747DAA0D59}.Release|Any CPU.ActiveCfg = Release|Any CPU
		{548E9B4E-D431-4DB2-A2B1-80747DAA0D59}.Release|Any CPU.Build.0 = Release|Any CPU
		{B2EE746B-D157-4E8E-B88B-87AFCCF35AA8}.Debug|Any CPU.ActiveCfg = Debug|Any CPU
		{B2EE746B-D157-4E8E-B88B-87AFCCF35AA8}.Debug|Any CPU.Build.0 = Debug|Any CPU
		{B2EE746B-D157-4E8E-B88B-87AFCCF35AA8}.Release|Any CPU.ActiveCfg = Release|Any CPU
		{B2EE746B-D157-4E8E-B88B-87AFCCF35AA8}.Release|Any CPU.Build.0 = Release|Any CPU
		{1C2C2645-DE67-4B6F-A383-444ECBD600E6}.Debug|Any CPU.ActiveCfg = Debug|Any CPU
		{1C2C2645-DE67-4B6F-A383-444ECBD600E6}.Debug|Any CPU.Build.0 = Debug|Any CPU
		{1C2C2645-DE67-4B6F-A383-444ECBD600E6}.Release|Any CPU.ActiveCfg = Release|Any CPU
		{1C2C2645-DE67-4B6F-A383-444ECBD600E6}.Release|Any CPU.Build.0 = Release|Any CPU
		{95FC06E3-41E3-45D3-97A8-5C440FF3F53C}.Debug|Any CPU.ActiveCfg = Debug|Any CPU
		{95FC06E3-41E3-45D3-97A8-5C440FF3F53C}.Debug|Any CPU.Build.0 = Debug|Any CPU
		{95FC06E3-41E3-45D3-97A8-5C440FF3F53C}.Release|Any CPU.ActiveCfg = Release|Any CPU
		{95FC06E3-41E3-45D3-97A8-5C440FF3F53C}.Release|Any CPU.Build.0 = Release|Any CPU
		{74D30AD0-5489-4A98-9ABF-9476D1064EE2}.Debug|Any CPU.ActiveCfg = Debug|Any CPU
		{74D30AD0-5489-4A98-9ABF-9476D1064EE2}.Debug|Any CPU.Build.0 = Debug|Any CPU
		{74D30AD0-5489-4A98-9ABF-9476D1064EE2}.Release|Any CPU.ActiveCfg = Release|Any CPU
		{74D30AD0-5489-4A98-9ABF-9476D1064EE2}.Release|Any CPU.Build.0 = Release|Any CPU
	EndGlobalSection
	GlobalSection(SolutionProperties) = preSolution
		HideSolutionNode = FALSE
	EndGlobalSection
	GlobalSection(ExtensibilityGlobals) = postSolution
		SolutionGuid = {7C490735-83B0-4F6A-8980-CF8542D04E7B}
	EndGlobalSection
EndGlobal
